// !$*UTF8*$!
{
	archiveVersion = 1;
	classes = {
	};
	objectVersion = 46;
	objects = {

/* Begin PBXBuildFile section */
		08016E591EFD116A00409465 /* Preferences.xib in Resources */ = {isa = PBXBuildFile; fileRef = 08016E581EFD116A00409465 /* Preferences.xib */; };
		0834CC341EFFEEE70037C1D2 /* Assets.xcassets in Resources */ = {isa = PBXBuildFile; fileRef = 0834CC331EFFEEE70037C1D2 /* Assets.xcassets */; };
		086724DC1DC86E07007033BB /* Recorder.swift in Sources */ = {isa = PBXBuildFile; fileRef = 086724DB1DC86E07007033BB /* Recorder.swift */; };
		088746CD1EFFC7A6007636BD /* LaunchAtLoginHelper.swift in Sources */ = {isa = PBXBuildFile; fileRef = 088746CC1EFFC7A6007636BD /* LaunchAtLoginHelper.swift */; };
		088746D01EFFC92E007636BD /* Foundation.framework in Frameworks */ = {isa = PBXBuildFile; fileRef = 088746CF1EFFC92E007636BD /* Foundation.framework */; };
		089CD7551DC7B742005067DB /* AppDelegate.swift in Sources */ = {isa = PBXBuildFile; fileRef = 089CD7541DC7B742005067DB /* AppDelegate.swift */; };
		089CD75A1DC7B742005067DB /* MainMenu.xib in Resources */ = {isa = PBXBuildFile; fileRef = 089CD7581DC7B742005067DB /* MainMenu.xib */; };
		089CD7641DC85A3C005067DB /* MenuController.swift in Sources */ = {isa = PBXBuildFile; fileRef = 089CD7631DC85A3C005067DB /* MenuController.swift */; };
		08CCC4B51EFD203B00521354 /* Preferences.swift in Sources */ = {isa = PBXBuildFile; fileRef = 08CCC4B41EFD203B00521354 /* Preferences.swift */; };
/* End PBXBuildFile section */

/* Begin PBXCopyFilesBuildPhase section */
		08CCC4D01EFD444900521354 /* CopyFiles */ = {
			isa = PBXCopyFilesBuildPhase;
			buildActionMask = 12;
			dstPath = Contents/Library/LoginItems;
			dstSubfolderSpec = 1;
			files = (
			);
			runOnlyForDeploymentPostprocessing = 0;
		};
/* End PBXCopyFilesBuildPhase section */

/* Begin PBXFileReference section */
		08016E581EFD116A00409465 /* Preferences.xib */ = {isa = PBXFileReference; fileEncoding = 4; lastKnownFileType = file.xib; path = Preferences.xib; sourceTree = "<group>"; };
		0834CC331EFFEEE70037C1D2 /* Assets.xcassets */ = {isa = PBXFileReference; lastKnownFileType = folder.assetcatalog; path = Assets.xcassets; sourceTree = "<group>"; };
		086724DB1DC86E07007033BB /* Recorder.swift */ = {isa = PBXFileReference; fileEncoding = 4; lastKnownFileType = sourcecode.swift; path = Recorder.swift; sourceTree = "<group>"; };
		088746CC1EFFC7A6007636BD /* LaunchAtLoginHelper.swift */ = {isa = PBXFileReference; fileEncoding = 4; lastKnownFileType = sourcecode.swift; path = LaunchAtLoginHelper.swift; sourceTree = "<group>"; };
		088746CF1EFFC92E007636BD /* Foundation.framework */ = {isa = PBXFileReference; lastKnownFileType = wrapper.framework; name = Foundation.framework; path = System/Library/Frameworks/Foundation.framework; sourceTree = SDKROOT; };
		089CD7511DC7B742005067DB /* Kyapchar.app */ = {isa = PBXFileReference; explicitFileType = wrapper.application; includeInIndex = 0; path = Kyapchar.app; sourceTree = BUILT_PRODUCTS_DIR; };
		089CD7541DC7B742005067DB /* AppDelegate.swift */ = {isa = PBXFileReference; lastKnownFileType = sourcecode.swift; path = AppDelegate.swift; sourceTree = "<group>"; };
		089CD7591DC7B742005067DB /* Base */ = {isa = PBXFileReference; lastKnownFileType = file.xib; name = Base; path = Base.lproj/MainMenu.xib; sourceTree = "<group>"; };
		089CD75B1DC7B742005067DB /* Info.plist */ = {isa = PBXFileReference; lastKnownFileType = text.plist.xml; path = Info.plist; sourceTree = "<group>"; };
		089CD7631DC85A3C005067DB /* MenuController.swift */ = {isa = PBXFileReference; fileEncoding = 4; lastKnownFileType = sourcecode.swift; path = MenuController.swift; sourceTree = "<group>"; };
		08CCC4B41EFD203B00521354 /* Preferences.swift */ = {isa = PBXFileReference; fileEncoding = 4; lastKnownFileType = sourcecode.swift; path = Preferences.swift; sourceTree = "<group>"; };
/* End PBXFileReference section */

/* Begin PBXFrameworksBuildPhase section */
		089CD74E1DC7B742005067DB /* Frameworks */ = {
			isa = PBXFrameworksBuildPhase;
			buildActionMask = 2147483647;
			files = (
				088746D01EFFC92E007636BD /* Foundation.framework in Frameworks */,
			);
			runOnlyForDeploymentPostprocessing = 0;
		};
/* End PBXFrameworksBuildPhase section */

/* Begin PBXGroup section */
		088746CE1EFFC92E007636BD /* Frameworks */ = {
			isa = PBXGroup;
			children = (
				088746CF1EFFC92E007636BD /* Foundation.framework */,
			);
			name = Frameworks;
			sourceTree = "<group>";
		};
		089CD7481DC7B742005067DB = {
			isa = PBXGroup;
			children = (
				089CD7531DC7B742005067DB /* Kyapchar */,
				089CD7521DC7B742005067DB /* Products */,
				088746CE1EFFC92E007636BD /* Frameworks */,
			);
			sourceTree = "<group>";
		};
		089CD7521DC7B742005067DB /* Products */ = {
			isa = PBXGroup;
			children = (
				089CD7511DC7B742005067DB /* Kyapchar.app */,
			);
			name = Products;
			sourceTree = "<group>";
		};
		089CD7531DC7B742005067DB /* Kyapchar */ = {
			isa = PBXGroup;
			children = (
				088746CC1EFFC7A6007636BD /* LaunchAtLoginHelper.swift */,
				08CCC4B41EFD203B00521354 /* Preferences.swift */,
				089CD7631DC85A3C005067DB /* MenuController.swift */,
				086724DB1DC86E07007033BB /* Recorder.swift */,
				089CD7541DC7B742005067DB /* AppDelegate.swift */,
				089CD7581DC7B742005067DB /* MainMenu.xib */,
				08016E581EFD116A00409465 /* Preferences.xib */,
				089CD75B1DC7B742005067DB /* Info.plist */,
				0834CC331EFFEEE70037C1D2 /* Assets.xcassets */,
			);
			path = Kyapchar;
			sourceTree = "<group>";
		};
/* End PBXGroup section */

/* Begin PBXNativeTarget section */
		089CD7501DC7B742005067DB /* Kyapchar */ = {
			isa = PBXNativeTarget;
			buildConfigurationList = 089CD75E1DC7B742005067DB /* Build configuration list for PBXNativeTarget "Kyapchar" */;
			buildPhases = (
				089CD74D1DC7B742005067DB /* Sources */,
				089CD74E1DC7B742005067DB /* Frameworks */,
				089CD74F1DC7B742005067DB /* Resources */,
				08CCC4D01EFD444900521354 /* CopyFiles */,
			);
			buildRules = (
			);
			dependencies = (
			);
			name = Kyapchar;
			productName = Kyapchar;
			productReference = 089CD7511DC7B742005067DB /* Kyapchar.app */;
			productType = "com.apple.product-type.application";
		};
/* End PBXNativeTarget section */

/* Begin PBXProject section */
		089CD7491DC7B742005067DB /* Project object */ = {
			isa = PBXProject;
			attributes = {
				LastSwiftUpdateCheck = 0830;
				LastUpgradeCheck = 0820;
				ORGANIZATIONNAME = "Vishal Telangre";
				TargetAttributes = {
					089CD7501DC7B742005067DB = {
						CreatedOnToolsVersion = 7.3.1;
						LastSwiftMigration = 0830;
					};
				};
			};
			buildConfigurationList = 089CD74C1DC7B742005067DB /* Build configuration list for PBXProject "Kyapchar" */;
			compatibilityVersion = "Xcode 3.2";
			developmentRegion = English;
			hasScannedForEncodings = 0;
			knownRegions = (
				en,
				Base,
			);
			mainGroup = 089CD7481DC7B742005067DB;
			productRefGroup = 089CD7521DC7B742005067DB /* Products */;
			projectDirPath = "";
			projectRoot = "";
			targets = (
				089CD7501DC7B742005067DB /* Kyapchar */,
			);
		};
/* End PBXProject section */

/* Begin PBXResourcesBuildPhase section */
		089CD74F1DC7B742005067DB /* Resources */ = {
			isa = PBXResourcesBuildPhase;
			buildActionMask = 2147483647;
			files = (
				08016E591EFD116A00409465 /* Preferences.xib in Resources */,
				0834CC341EFFEEE70037C1D2 /* Assets.xcassets in Resources */,
				089CD75A1DC7B742005067DB /* MainMenu.xib in Resources */,
			);
			runOnlyForDeploymentPostprocessing = 0;
		};
/* End PBXResourcesBuildPhase section */

/* Begin PBXSourcesBuildPhase section */
		089CD74D1DC7B742005067DB /* Sources */ = {
			isa = PBXSourcesBuildPhase;
			buildActionMask = 2147483647;
			files = (
				086724DC1DC86E07007033BB /* Recorder.swift in Sources */,
				088746CD1EFFC7A6007636BD /* LaunchAtLoginHelper.swift in Sources */,
				089CD7551DC7B742005067DB /* AppDelegate.swift in Sources */,
				08CCC4B51EFD203B00521354 /* Preferences.swift in Sources */,
				089CD7641DC85A3C005067DB /* MenuController.swift in Sources */,
			);
			runOnlyForDeploymentPostprocessing = 0;
		};
/* End PBXSourcesBuildPhase section */

/* Begin PBXVariantGroup section */
		089CD7581DC7B742005067DB /* MainMenu.xib */ = {
			isa = PBXVariantGroup;
			children = (
				089CD7591DC7B742005067DB /* Base */,
			);
			name = MainMenu.xib;
			sourceTree = "<group>";
		};
/* End PBXVariantGroup section */

/* Begin XCBuildConfiguration section */
		089CD75C1DC7B742005067DB /* Debug */ = {
			isa = XCBuildConfiguration;
			buildSettings = {
				ALWAYS_SEARCH_USER_PATHS = NO;
				ASSETCATALOG_COMPILER_APPICON_NAME = "";
				CLANG_ANALYZER_NONNULL = YES;
				CLANG_CXX_LANGUAGE_STANDARD = "gnu++0x";
				CLANG_CXX_LIBRARY = "libc++";
				CLANG_ENABLE_MODULES = YES;
				CLANG_ENABLE_OBJC_ARC = YES;
				CLANG_WARN_BOOL_CONVERSION = YES;
				CLANG_WARN_CONSTANT_CONVERSION = YES;
				CLANG_WARN_DIRECT_OBJC_ISA_USAGE = YES_ERROR;
				CLANG_WARN_EMPTY_BODY = YES;
				CLANG_WARN_ENUM_CONVERSION = YES;
				CLANG_WARN_INFINITE_RECURSION = YES;
				CLANG_WARN_INT_CONVERSION = YES;
				CLANG_WARN_OBJC_ROOT_CLASS = YES_ERROR;
				CLANG_WARN_SUSPICIOUS_MOVE = YES;
				CLANG_WARN_UNREACHABLE_CODE = YES;
				CLANG_WARN__DUPLICATE_METHOD_MATCH = YES;
				CODE_SIGN_IDENTITY = "-";
				COPY_PHASE_STRIP = NO;
				DEBUG_INFORMATION_FORMAT = dwarf;
				ENABLE_STRICT_OBJC_MSGSEND = YES;
				ENABLE_TESTABILITY = YES;
				GCC_C_LANGUAGE_STANDARD = gnu99;
				GCC_DYNAMIC_NO_PIC = NO;
				GCC_NO_COMMON_BLOCKS = YES;
				GCC_OPTIMIZATION_LEVEL = 0;
				GCC_PREPROCESSOR_DEFINITIONS = (
					"DEBUG=1",
					"$(inherited)",
				);
				GCC_WARN_64_TO_32_BIT_CONVERSION = YES;
				GCC_WARN_ABOUT_RETURN_TYPE = YES_ERROR;
				GCC_WARN_UNDECLARED_SELECTOR = YES;
				GCC_WARN_UNINITIALIZED_AUTOS = YES_AGGRESSIVE;
				GCC_WARN_UNUSED_FUNCTION = YES;
				GCC_WARN_UNUSED_VARIABLE = YES;
				MACOSX_DEPLOYMENT_TARGET = 10.11;
				MTL_ENABLE_DEBUG_INFO = YES;
				ONLY_ACTIVE_ARCH = YES;
				SDKROOT = macosx;
				SWIFT_OPTIMIZATION_LEVEL = "-Onone";
			};
			name = Debug;
		};
		089CD75D1DC7B742005067DB /* Release */ = {
			isa = XCBuildConfiguration;
			buildSettings = {
				ALWAYS_SEARCH_USER_PATHS = NO;
				ASSETCATALOG_COMPILER_APPICON_NAME = "";
				CLANG_ANALYZER_NONNULL = YES;
				CLANG_CXX_LANGUAGE_STANDARD = "gnu++0x";
				CLANG_CXX_LIBRARY = "libc++";
				CLANG_ENABLE_MODULES = YES;
				CLANG_ENABLE_OBJC_ARC = YES;
				CLANG_WARN_BOOL_CONVERSION = YES;
				CLANG_WARN_CONSTANT_CONVERSION = YES;
				CLANG_WARN_DIRECT_OBJC_ISA_USAGE = YES_ERROR;
				CLANG_WARN_EMPTY_BODY = YES;
				CLANG_WARN_ENUM_CONVERSION = YES;
				CLANG_WARN_INFINITE_RECURSION = YES;
				CLANG_WARN_INT_CONVERSION = YES;
				CLANG_WARN_OBJC_ROOT_CLASS = YES_ERROR;
				CLANG_WARN_SUSPICIOUS_MOVE = YES;
				CLANG_WARN_UNREACHABLE_CODE = YES;
				CLANG_WARN__DUPLICATE_METHOD_MATCH = YES;
				CODE_SIGN_IDENTITY = "-";
				COPY_PHASE_STRIP = NO;
				DEBUG_INFORMATION_FORMAT = "dwarf-with-dsym";
				ENABLE_NS_ASSERTIONS = NO;
				ENABLE_STRICT_OBJC_MSGSEND = YES;
				GCC_C_LANGUAGE_STANDARD = gnu99;
				GCC_NO_COMMON_BLOCKS = YES;
				GCC_WARN_64_TO_32_BIT_CONVERSION = YES;
				GCC_WARN_ABOUT_RETURN_TYPE = YES_ERROR;
				GCC_WARN_UNDECLARED_SELECTOR = YES;
				GCC_WARN_UNINITIALIZED_AUTOS = YES_AGGRESSIVE;
				GCC_WARN_UNUSED_FUNCTION = YES;
				GCC_WARN_UNUSED_VARIABLE = YES;
				MACOSX_DEPLOYMENT_TARGET = 10.11;
				MTL_ENABLE_DEBUG_INFO = NO;
				SDKROOT = macosx;
				SWIFT_OPTIMIZATION_LEVEL = "-Owholemodule";
			};
			name = Release;
		};
		089CD75F1DC7B742005067DB /* Debug */ = {
			isa = XCBuildConfiguration;
			buildSettings = {
				ASSETCATALOG_COMPILER_APPICON_NAME = AppIcon;
				CLANG_ENABLE_MODULES = YES;
				COMBINE_HIDPI_IMAGES = YES;
				INFOPLIST_FILE = Kyapchar/Info.plist;
				LD_RUNPATH_SEARCH_PATHS = "$(inherited) @executable_path/../Frameworks";
				PRODUCT_BUNDLE_IDENTIFIER = com.vishaltelangre.Kyapchar;
				PRODUCT_NAME = "$(TARGET_NAME)";
				SWIFT_OPTIMIZATION_LEVEL = "-Onone";
				SWIFT_VERSION = 3.0;
			};
			name = Debug;
		};
		089CD7601DC7B742005067DB /* Release */ = {
			isa = XCBuildConfiguration;
			buildSettings = {
				ASSETCATALOG_COMPILER_APPICON_NAME = AppIcon;
				CLANG_ENABLE_MODULES = YES;
				COMBINE_HIDPI_IMAGES = YES;
				INFOPLIST_FILE = Kyapchar/Info.plist;
				LD_RUNPATH_SEARCH_PATHS = "$(inherited) @executable_path/../Frameworks";
				PRODUCT_BUNDLE_IDENTIFIER = com.vishaltelangre.Kyapchar;
				PRODUCT_NAME = "$(TARGET_NAME)";
				SWIFT_VERSION = 3.0;
			};
			name = Release;
		};
/* End XCBuildConfiguration section */

/* Begin XCConfigurationList section */
		089CD74C1DC7B742005067DB /* Build configuration list for PBXProject "Kyapchar" */ = {
			isa = XCConfigurationList;
			buildConfigurations = (
				089CD75C1DC7B742005067DB /* Debug */,
				089CD75D1DC7B742005067DB /* Release */,
			);
			defaultConfigurationIsVisible = 0;
			defaultConfigurationName = Release;
		};
		089CD75E1DC7B742005067DB /* Build configuration list for PBXNativeTarget "Kyapchar" */ = {
			isa = XCConfigurationList;
			buildConfigurations = (
				089CD75F1DC7B742005067DB /* Debug */,
				089CD7601DC7B742005067DB /* Release */,
			);
			defaultConfigurationIsVisible = 0;
			defaultConfigurationName = Release;
		};
/* End XCConfigurationList section */
	};
	rootObject = 089CD7491DC7B742005067DB /* Project object */;
}
